
Microsoft Visual Studio Solution File, Format Version 12.00
# Visual Studio Version 17
VisualStudioVersion = 17.6.33723.286
MinimumVisualStudioVersion = 10.0.40219.1
Project("{9A19103F-16F7-4668-BE54-9A1E7A4F7556}") = "MarketplaceAPI", "MarketplaceAPI\MarketplaceAPI.csproj", "{7319FDE5-31EA-42A2-9705-198C654AFB07}"
EndProject
Project("{9A19103F-16F7-4668-BE54-9A1E7A4F7556}") = "MarketplaceDAL", "MarketplaceDAL\MarketplaceDAL.csproj", "{FC307847-5BCD-449A-A97C-B06031597243}"
EndProject
Project("{FAE04EC0-301F-11D3-BF4B-00C04F79EFBC}") = "MarketplaceBLL", "MarketplaceBLL\MarketplaceBLL.csproj", "{EE701EB5-6C4E-4EB6-98CE-E423D92D8797}"
EndProject
Global
	GlobalSection(SolutionConfigurationPlatforms) = preSolution
		Debug|Any CPU = Debug|Any CPU
		Release|Any CPU = Release|Any CPU
	EndGlobalSection
	GlobalSection(ProjectConfigurationPlatforms) = postSolution
		{7319FDE5-31EA-42A2-9705-198C654AFB07}.Debug|Any CPU.ActiveCfg = Debug|Any CPU
		{7319FDE5-31EA-42A2-9705-198C654AFB07}.Debug|Any CPU.Build.0 = Debug|Any CPU
		{7319FDE5-31EA-42A2-9705-198C654AFB07}.Release|Any CPU.ActiveCfg = Release|Any CPU
		{7319FDE5-31EA-42A2-9705-198C654AFB07}.Release|Any CPU.Build.0 = Release|Any CPU
		{FC307847-5BCD-449A-A97C-B06031597243}.Debug|Any CPU.ActiveCfg = Debug|Any CPU
		{FC307847-5BCD-449A-A97C-B06031597243}.Debug|Any CPU.Build.0 = Debug|Any CPU
		{FC307847-5BCD-449A-A97C-B06031597243}.Release|Any CPU.ActiveCfg = Release|Any CPU
		{FC307847-5BCD-449A-A97C-B06031597243}.Release|Any CPU.Build.0 = Release|Any CPU
		{EE701EB5-6C4E-4EB6-98CE-E423D92D8797}.Debug|Any CPU.ActiveCfg = Debug|Any CPU
		{EE701EB5-6C4E-4EB6-98CE-E423D92D8797}.Debug|Any CPU.Build.0 = Debug|Any CPU
		{EE701EB5-6C4E-4EB6-98CE-E423D92D8797}.Release|Any CPU.ActiveCfg = Release|Any CPU
		{EE701EB5-6C4E-4EB6-98CE-E423D92D8797}.Release|Any CPU.Build.0 = Release|Any CPU
	EndGlobalSection
	GlobalSection(SolutionProperties) = preSolution
		HideSolutionNode = FALSE
	EndGlobalSection
	GlobalSection(ExtensibilityGlobals) = postSolution
		SolutionGuid = {DBBEE19C-38ED-4A5E-8F1B-8D4301E76011}
	EndGlobalSection
EndGlobal
